{
    "_meta": {
        "hash": {
            "sha256": "bc6005ebc2d8dd049b0e49e589817a5c938a6b18e50e59f6ac1d88950115f9a5"
        },
        "pipfile-spec": 6,
        "requires": {},
        "sources": [
            {
                "name": "pypi",
                "url": "https://pypi.org/simple",
                "verify_ssl": true
            }
        ]
    },
    "default": {
        "attrs": {
            "hashes": [
                "sha256:29adc2665447e5191d0e7c568fde78b21f9672d344281d0c6e1ab085429b22b6",
                "sha256:86efa402f67bf2df34f51a335487cf46b1ec130d02b8d39fd248abfd30da551c"
            ],
            "markers": "python_version >= '3.5'",
            "version": "==22.1.0"
        },
        "automat": {
            "hashes": [
                "sha256:c3164f8742b9dc440f3682482d32aaff7bb53f71740dd018533f9de286b64180",
                "sha256:e56beb84edad19dcc11d30e8d9b895f75deeb5ef5e96b84a467066b3b84bb04e"
            ],
            "version": "==22.10.0"
        },
        "cachetools": {
            "hashes": [
                "sha256:6a94c6402995a99c3970cc7e4884bb60b4a8639938157eeed436098bf9831757",
                "sha256:f9f17d2aec496a9aa6b76f53e3b614c965223c061982d434d160f930c698a9db"
            ],
            "markers": "python_version ~= '3.7'",
            "version": "==5.2.0"
        },
        "certifi": {
            "hashes": [
                "sha256:0d9c601124e5a6ba9712dbc60d9c53c21e34f5f641fe83002317394311bdce14",
                "sha256:90c1a32f1d68f940488354e36370f6cca89f0f106db09518524c88d6ed83f382"
            ],
            "markers": "python_version >= '3.6'",
            "version": "==2022.9.24"
        },
        "chardet": {
            "hashes": [
                "sha256:84ab92ed1c4d4f16916e05906b6b75a6c0fb5db821cc65e70cbd64a3e2a5eaae",
                "sha256:fc323ffcaeaed0e0a02bf4d117757b98aed530d9ed4531e3e15460124c106691"
            ],
            "version": "==3.0.4"
        },
        "click": {
            "hashes": [
                "sha256:7682dc8afb30297001674575ea00d1814d808d6a36af415a82bd481d37ba7b8e",
                "sha256:bb4d8133cb15a609f44e8213d9b391b0809795062913b383c62be0ee95b1db48"
            ],
            "markers": "python_version >= '3.7'",
            "version": "==8.1.3"
        },
        "constantly": {
            "hashes": [
                "sha256:586372eb92059873e29eba4f9dec8381541b4d3834660707faf8ba59146dfc35",
                "sha256:dd2fa9d6b1a51a83f0d7dd76293d734046aa176e384bf6e33b7e44880eb37c5d"
            ],
            "version": "==15.1.0"
        },
        "flask": {
            "hashes": [
                "sha256:2271c0070dbcb5275fad4a82e29f23ab92682dc45f9dfbc22c02ba9b9322ce48",
                "sha256:a080b744b7e345ccfcbc77954861cb05b3c63786e93f2b3875e0913d44b43f05"
            ],
            "index": "pypi",
            "version": "==1.0.2"
        },
        "flask-cors": {
            "hashes": [
                "sha256:7ad56ee3b90d4955148fc25a2ecaa1124fc84298471e266a7fea59aeac4405a5",
                "sha256:7e90bf225fdf163d11b84b59fb17594d0580a16b97ab4e1146b1fb2737c1cfec"
            ],
            "index": "pypi",
            "version": "==3.0.7"
        },
        "google-api-core": {
            "hashes": [
                "sha256:3b21d4488a898963df91ded12b3125ff0a87ab2af0b658944fad8e9636dd01d8",
                "sha256:63c7136f678e83ec72d571b4bd1ea38605866276c3f52746f9dca38367aa0607"
            ],
            "markers": "python_version >= '3.7'",
            "version": "==1.33.2"
        },
        "google-auth": {
            "hashes": [
                "sha256:1ad5b0e6eba5f69645971abb3d2c197537d5914070a8c6d30299dfdb07c5c700",
                "sha256:cf24817855d874ede2efd071aa22125445f555de1685b739a9782fcf408c2a3d"
            ],
            "markers": "python_version >= '2.7' and python_version not in '3.0, 3.1, 3.2, 3.3, 3.4, 3.5'",
            "version": "==2.14.0"
        },
        "google-cloud-bigquery": {
            "hashes": [
                "sha256:43b0ac02a16a8ad72e8b2e2fa4005ff93bba38c102ffc78842bec1d664053e8b",
                "sha256:9fa6a60d54e5f9931271fa7017aa0b126646c33280d9071d468979e96cc52693"
            ],
            "index": "pypi",
            "version": "==1.11.2"
        },
        "google-cloud-core": {
            "hashes": [
                "sha256:9bee63e0991be9801a4baf0b7841cf54f86c6e7fec922f45ea74cd4032ed4ee4",
                "sha256:d85b1aaaf3bad9415ad1d8ee5eadce96d7007a82f13ce0a0629a003a11e83f29"
            ],
            "markers": "python_version >= '2.7' and python_version not in '3.0, 3.1, 3.2, 3.3'",
            "version": "==0.29.1"
        },
        "google-crc32c": {
            "hashes": [
                "sha256:024894d9d3cfbc5943f8f230e23950cd4906b2fe004c72e29b209420a1e6b05a",
                "sha256:02c65b9817512edc6a4ae7c7e987fea799d2e0ee40c53ec573a692bee24de876",
                "sha256:02ebb8bf46c13e36998aeaad1de9b48f4caf545e91d14041270d9dca767b780c",
                "sha256:07eb3c611ce363c51a933bf6bd7f8e3878a51d124acfc89452a75120bc436289",
                "sha256:1034d91442ead5a95b5aaef90dbfaca8633b0247d1e41621d1e9f9db88c36298",
                "sha256:116a7c3c616dd14a3de8c64a965828b197e5f2d121fedd2f8c5585c547e87b02",
                "sha256:19e0a019d2c4dcc5e598cd4a4bc7b008546b0358bd322537c74ad47a5386884f",
                "sha256:1c7abdac90433b09bad6c43a43af253e688c9cfc1c86d332aed13f9a7c7f65e2",
                "sha256:1e986b206dae4476f41bcec1faa057851f3889503a70e1bdb2378d406223994a",
                "sha256:272d3892a1e1a2dbc39cc5cde96834c236d5327e2122d3aaa19f6614531bb6eb",
                "sha256:278d2ed7c16cfc075c91378c4f47924c0625f5fc84b2d50d921b18b7975bd210",
                "sha256:2ad40e31093a4af319dadf503b2467ccdc8f67c72e4bcba97f8c10cb078207b5",
                "sha256:2e920d506ec85eb4ba50cd4228c2bec05642894d4c73c59b3a2fe20346bd00ee",
                "sha256:3359fc442a743e870f4588fcf5dcbc1bf929df1fad8fb9905cd94e5edb02e84c",
                "sha256:37933ec6e693e51a5b07505bd05de57eee12f3e8c32b07da7e73669398e6630a",
                "sha256:398af5e3ba9cf768787eef45c803ff9614cc3e22a5b2f7d7ae116df8b11e3314",
                "sha256:3b747a674c20a67343cb61d43fdd9207ce5da6a99f629c6e2541aa0e89215bcd",
                "sha256:461665ff58895f508e2866824a47bdee72497b091c730071f2b7575d5762ab65",
                "sha256:4c6fdd4fccbec90cc8a01fc00773fcd5fa28db683c116ee3cb35cd5da9ef6c37",
                "sha256:5829b792bf5822fd0a6f6eb34c5f81dd074f01d570ed7f36aa101d6fc7a0a6e4",
                "sha256:596d1f98fc70232fcb6590c439f43b350cb762fb5d61ce7b0e9db4539654cc13",
                "sha256:5ae44e10a8e3407dbe138984f21e536583f2bba1be9491239f942c2464ac0894",
                "sha256:635f5d4dd18758a1fbd1049a8e8d2fee4ffed124462d837d1a02a0e009c3ab31",
                "sha256:64e52e2b3970bd891309c113b54cf0e4384762c934d5ae56e283f9a0afcd953e",
                "sha256:66741ef4ee08ea0b2cc3c86916ab66b6aef03768525627fd6a1b34968b4e3709",
                "sha256:67b741654b851abafb7bc625b6d1cdd520a379074e64b6a128e3b688c3c04740",
                "sha256:6ac08d24c1f16bd2bf5eca8eaf8304812f44af5cfe5062006ec676e7e1d50afc",
                "sha256:6f998db4e71b645350b9ac28a2167e6632c239963ca9da411523bb439c5c514d",
                "sha256:72218785ce41b9cfd2fc1d6a017dc1ff7acfc4c17d01053265c41a2c0cc39b8c",
                "sha256:74dea7751d98034887dbd821b7aae3e1d36eda111d6ca36c206c44478035709c",
                "sha256:759ce4851a4bb15ecabae28f4d2e18983c244eddd767f560165563bf9aefbc8d",
                "sha256:77e2fd3057c9d78e225fa0a2160f96b64a824de17840351b26825b0848022906",
                "sha256:7c074fece789b5034b9b1404a1f8208fc2d4c6ce9decdd16e8220c5a793e6f61",
                "sha256:7c42c70cd1d362284289c6273adda4c6af8039a8ae12dc451dcd61cdabb8ab57",
                "sha256:7f57f14606cd1dd0f0de396e1e53824c371e9544a822648cd76c034d209b559c",
                "sha256:83c681c526a3439b5cf94f7420471705bbf96262f49a6fe546a6db5f687a3d4a",
                "sha256:8485b340a6a9e76c62a7dce3c98e5f102c9219f4cfbf896a00cf48caf078d438",
                "sha256:84e6e8cd997930fc66d5bb4fde61e2b62ba19d62b7abd7a69920406f9ecca946",
                "sha256:89284716bc6a5a415d4eaa11b1726d2d60a0cd12aadf5439828353662ede9dd7",
                "sha256:8b87e1a59c38f275c0e3676fc2ab6d59eccecfd460be267ac360cc31f7bcde96",
                "sha256:8f24ed114432de109aa9fd317278518a5af2d31ac2ea6b952b2f7782b43da091",
                "sha256:98cb4d057f285bd80d8778ebc4fde6b4d509ac3f331758fb1528b733215443ae",
                "sha256:998679bf62b7fb599d2878aa3ed06b9ce688b8974893e7223c60db155f26bd8d",
                "sha256:9ba053c5f50430a3fcfd36f75aff9caeba0440b2d076afdb79a318d6ca245f88",
                "sha256:9c99616c853bb585301df6de07ca2cadad344fd1ada6d62bb30aec05219c45d2",
                "sha256:a1fd716e7a01f8e717490fbe2e431d2905ab8aa598b9b12f8d10abebb36b04dd",
                "sha256:a2355cba1f4ad8b6988a4ca3feed5bff33f6af2d7f134852cf279c2aebfde541",
                "sha256:b1f8133c9a275df5613a451e73f36c2aea4fe13c5c8997e22cf355ebd7bd0728",
                "sha256:b8667b48e7a7ef66afba2c81e1094ef526388d35b873966d8a9a447974ed9178",
                "sha256:ba1eb1843304b1e5537e1fca632fa894d6f6deca8d6389636ee5b4797affb968",
                "sha256:be82c3c8cfb15b30f36768797a640e800513793d6ae1724aaaafe5bf86f8f346",
                "sha256:c02ec1c5856179f171e032a31d6f8bf84e5a75c45c33b2e20a3de353b266ebd8",
                "sha256:c672d99a345849301784604bfeaeba4db0c7aae50b95be04dd651fd2a7310b93",
                "sha256:c6c777a480337ac14f38564ac88ae82d4cd238bf293f0a22295b66eb89ffced7",
                "sha256:cae0274952c079886567f3f4f685bcaf5708f0a23a5f5216fdab71f81a6c0273",
                "sha256:cd67cf24a553339d5062eff51013780a00d6f97a39ca062781d06b3a73b15462",
                "sha256:d3515f198eaa2f0ed49f8819d5732d70698c3fa37384146079b3799b97667a94",
                "sha256:d5280312b9af0976231f9e317c20e4a61cd2f9629b7bfea6a693d1878a264ebd",
                "sha256:de06adc872bcd8c2a4e0dc51250e9e65ef2ca91be023b9d13ebd67c2ba552e1e",
                "sha256:e1674e4307fa3024fc897ca774e9c7562c957af85df55efe2988ed9056dc4e57",
                "sha256:e2096eddb4e7c7bdae4bd69ad364e55e07b8316653234a56552d9c988bd2d61b",
                "sha256:e560628513ed34759456a416bf86b54b2476c59144a9138165c9a1575801d0d9",
                "sha256:edfedb64740750e1a3b16152620220f51d58ff1b4abceb339ca92e934775c27a",
                "sha256:f13cae8cc389a440def0c8c52057f37359014ccbc9dc1f0827936bcd367c6100",
                "sha256:f314013e7dcd5cf45ab1945d92e713eec788166262ae8deb2cfacd53def27325",
                "sha256:f583edb943cf2e09c60441b910d6a20b4d9d626c75a36c8fcac01a6c96c01183",
                "sha256:fd8536e902db7e365f49e7d9029283403974ccf29b13fc7028b97e2295b33556",
                "sha256:fe70e325aa68fa4b5edf7d1a4b6f691eb04bbccac0ace68e34820d283b5f80d4"
            ],
            "markers": "python_version >= '3.7'",
            "version": "==1.5.0"
        },
        "google-resumable-media": {
            "hashes": [
                "sha256:2aa004c16d295c8f6c33b2b4788ba59d366677c0a25ae7382436cb30f776deaa",
                "sha256:8d5518502f92b9ecc84ac46779bd4f09694ecb3ba38a3e7ca737a86d15cbca1f"
            ],
            "markers": "python_version >= '3.7'",
            "version": "==2.4.0"
        },
        "googleapis-common-protos": {
            "hashes": [
                "sha256:8eb2cbc91b69feaf23e32452a7ae60e791e09967d81d4fcc7fc388182d1bd394",
                "sha256:c25873c47279387cfdcbdafa36149887901d36202cb645a0e4f29686bf6e4417"
            ],
            "markers": "python_version >= '3.7'",
            "version": "==1.56.4"
        },
        "hyperlink": {
            "hashes": [
                "sha256:427af957daa58bc909471c6c40f74c5450fa123dd093fc53efd2e91d2705a56b",
                "sha256:e6b14c37ecb73e89c77d78cdb4c2cc8f3fb59a885c5b3f819ff4ed80f25af1b4"
            ],
            "version": "==21.0.0"
        },
        "idna": {
            "hashes": [
                "sha256:c357b3f628cf53ae2c4c05627ecc484553142ca23264e593d327bcde5e9c3407",
                "sha256:ea8b7f6188e6fa117537c3df7da9fc686d485087abf6ac197f9c46432f7e4a3c"
            ],
            "version": "==2.8"
        },
        "incremental": {
            "hashes": [
                "sha256:912feeb5e0f7e0188e6f42241d2f450002e11bbc0937c65865045854c24c0bd0",
                "sha256:b864a1f30885ee72c5ac2835a761b8fe8aa9c28b9395cacf27286602688d3e51"
            ],
            "version": "==22.10.0"
        },
        "itsdangerous": {
            "hashes": [
                "sha256:2c2349112351b88699d8d4b6b075022c0808887cb7ad10069318a8b0bc88db44",
                "sha256:5dbbc68b317e5e42f327f9021763545dc3fc3bfe22e6deb96aaf1fc38874156a"
            ],
            "markers": "python_version >= '3.7'",
            "version": "==2.1.2"
        },
        "jinja2": {
            "hashes": [
                "sha256:31351a702a408a9e7595a8fc6150fc3f43bb6bf7e319770cbc0db9df9437e852",
                "sha256:6088930bfe239f0e6710546ab9c19c9ef35e29792895fed6e6e31a023a182a61"
            ],
            "markers": "python_version >= '3.7'",
            "version": "==3.1.2"
        },
        "markupsafe": {
            "hashes": [
                "sha256:0212a68688482dc52b2d45013df70d169f542b7394fc744c02a57374a4207003",
                "sha256:089cf3dbf0cd6c100f02945abeb18484bd1ee57a079aefd52cffd17fba910b88",
                "sha256:10c1bfff05d95783da83491be968e8fe789263689c02724e0c691933c52994f5",
                "sha256:33b74d289bd2f5e527beadcaa3f401e0df0a89927c1559c8566c066fa4248ab7",
                "sha256:3799351e2336dc91ea70b034983ee71cf2f9533cdff7c14c90ea126bfd95d65a",
                "sha256:3ce11ee3f23f79dbd06fb3d63e2f6af7b12db1d46932fe7bd8afa259a5996603",
                "sha256:421be9fbf0ffe9ffd7a378aafebbf6f4602d564d34be190fc19a193232fd12b1",
                "sha256:43093fb83d8343aac0b1baa75516da6092f58f41200907ef92448ecab8825135",
                "sha256:46d00d6cfecdde84d40e572d63735ef81423ad31184100411e6e3388d405e247",
                "sha256:4a33dea2b688b3190ee12bd7cfa29d39c9ed176bda40bfa11099a3ce5d3a7ac6",
                "sha256:4b9fe39a2ccc108a4accc2676e77da025ce383c108593d65cc909add5c3bd601",
                "sha256:56442863ed2b06d19c37f94d999035e15ee982988920e12a5b4ba29b62ad1f77",
                "sha256:671cd1187ed5e62818414afe79ed29da836dde67166a9fac6d435873c44fdd02",
                "sha256:694deca8d702d5db21ec83983ce0bb4b26a578e71fbdbd4fdcd387daa90e4d5e",
                "sha256:6a074d34ee7a5ce3effbc526b7083ec9731bb3cbf921bbe1d3005d4d2bdb3a63",
                "sha256:6d0072fea50feec76a4c418096652f2c3238eaa014b2f94aeb1d56a66b41403f",
                "sha256:6fbf47b5d3728c6aea2abb0589b5d30459e369baa772e0f37a0320185e87c980",
                "sha256:7f91197cc9e48f989d12e4e6fbc46495c446636dfc81b9ccf50bb0ec74b91d4b",
                "sha256:86b1f75c4e7c2ac2ccdaec2b9022845dbb81880ca318bb7a0a01fbf7813e3812",
                "sha256:8dc1c72a69aa7e082593c4a203dcf94ddb74bb5c8a731e4e1eb68d031e8498ff",
                "sha256:8e3dcf21f367459434c18e71b2a9532d96547aef8a871872a5bd69a715c15f96",
                "sha256:8e576a51ad59e4bfaac456023a78f6b5e6e7651dcd383bcc3e18d06f9b55d6d1",
                "sha256:96e37a3dc86e80bf81758c152fe66dbf60ed5eca3d26305edf01892257049925",
                "sha256:97a68e6ada378df82bc9f16b800ab77cbf4b2fada0081794318520138c088e4a",
                "sha256:99a2a507ed3ac881b975a2976d59f38c19386d128e7a9a18b7df6fff1fd4c1d6",
                "sha256:a49907dd8420c5685cfa064a1335b6754b74541bbb3706c259c02ed65b644b3e",
                "sha256:b09bf97215625a311f669476f44b8b318b075847b49316d3e28c08e41a7a573f",
                "sha256:b7bd98b796e2b6553da7225aeb61f447f80a1ca64f41d83612e6139ca5213aa4",
                "sha256:b87db4360013327109564f0e591bd2a3b318547bcef31b468a92ee504d07ae4f",
                "sha256:bcb3ed405ed3222f9904899563d6fc492ff75cce56cba05e32eff40e6acbeaa3",
                "sha256:d4306c36ca495956b6d568d276ac11fdd9c30a36f1b6eb928070dc5360b22e1c",
                "sha256:d5ee4f386140395a2c818d149221149c54849dfcfcb9f1debfe07a8b8bd63f9a",
                "sha256:dda30ba7e87fbbb7eab1ec9f58678558fd9a6b8b853530e176eabd064da81417",
                "sha256:e04e26803c9c3851c931eac40c695602c6295b8d432cbe78609649ad9bd2da8a",
                "sha256:e1c0b87e09fa55a220f058d1d49d3fb8df88fbfab58558f1198e08c1e1de842a",
                "sha256:e72591e9ecd94d7feb70c1cbd7be7b3ebea3f548870aa91e2732960fa4d57a37",
                "sha256:e8c843bbcda3a2f1e3c2ab25913c80a3c5376cd00c6e8c4a86a89a28c8dc5452",
                "sha256:efc1913fd2ca4f334418481c7e595c00aad186563bbc1ec76067848c7ca0a933",
                "sha256:f121a1420d4e173a5d96e47e9a0c0dcff965afdf1626d28de1460815f7c4ee7a",
                "sha256:fc7b548b17d238737688817ab67deebb30e8073c95749d55538ed473130ec0c7"
            ],
            "markers": "python_version >= '3.7'",
            "version": "==2.1.1"
        },
        "protobuf": {
            "hashes": [
                "sha256:03038ac1cfbc41aa21f6afcbcd357281d7521b4157926f30ebecc8d4ea59dcb7",
                "sha256:28545383d61f55b57cf4df63eebd9827754fd2dc25f80c5253f9184235db242c",
                "sha256:2e3427429c9cffebf259491be0af70189607f365c2f41c7c3764af6f337105f2",
                "sha256:398a9e0c3eaceb34ec1aee71894ca3299605fa8e761544934378bbc6c97de23b",
                "sha256:44246bab5dd4b7fbd3c0c80b6f16686808fab0e4aca819ade6e8d294a29c7050",
                "sha256:447d43819997825d4e71bf5769d869b968ce96848b6479397e29fc24c4a5dfe9",
                "sha256:67a3598f0a2dcbc58d02dd1928544e7d88f764b47d4a286202913f0b2801c2e7",
                "sha256:74480f79a023f90dc6e18febbf7b8bac7508420f2006fabd512013c0c238f454",
                "sha256:819559cafa1a373b7096a482b504ae8a857c89593cf3a25af743ac9ecbd23480",
                "sha256:899dc660cd599d7352d6f10d83c95df430a38b410c1b66b407a6b29265d66469",
                "sha256:8c0c984a1b8fef4086329ff8dd19ac77576b384079247c770f29cc8ce3afa06c",
                "sha256:9aae4406ea63d825636cc11ffb34ad3379335803216ee3a856787bcf5ccc751e",
                "sha256:a7ca6d488aa8ff7f329d4c545b2dbad8ac31464f1d8b1c87ad1346717731e4db",
                "sha256:b6cc7ba72a8850621bfec987cb72623e703b7fe2b9127a161ce61e61558ad905",
                "sha256:bf01b5720be110540be4286e791db73f84a2b721072a3711efff6c324cdf074b",
                "sha256:c02ce36ec760252242a33967d51c289fd0e1c0e6e5cc9397e2279177716add86",
                "sha256:d9e4432ff660d67d775c66ac42a67cf2453c27cb4d738fc22cb53b5d84c135d4",
                "sha256:daa564862dd0d39c00f8086f88700fdbe8bc717e993a21e90711acfed02f2402",
                "sha256:de78575669dddf6099a8a0f46a27e82a1783c557ccc38ee620ed8cc96d3be7d7",
                "sha256:e64857f395505ebf3d2569935506ae0dfc4a15cb80dc25261176c784662cdcc4",
                "sha256:f4bd856d702e5b0d96a00ec6b307b0f51c1982c2bf9c0052cf9019e9a544ba99",
                "sha256:f4c42102bc82a51108e449cbb32b19b180022941c727bac0cfd50170341f16ee"
            ],
            "markers": "python_version >= '3.7'",
            "version": "==3.20.3"
        },
        "pyasn1": {
            "hashes": [
                "sha256:014c0e9976956a08139dc0712ae195324a75e142284d5f87f1a87ee1b068a359",
                "sha256:03840c999ba71680a131cfaee6fab142e1ed9bbd9c693e285cc6aca0d555e576",
                "sha256:0458773cfe65b153891ac249bcf1b5f8f320b7c2ce462151f8fa74de8934becf",
                "sha256:08c3c53b75eaa48d71cf8c710312316392ed40899cb34710d092e96745a358b7",
                "sha256:39c7e2ec30515947ff4e87fb6f456dfc6e84857d34be479c9d4a4ba4bf46aa5d",
                "sha256:5c9414dcfede6e441f7e8f81b43b34e834731003427e5b09e4e00e3172a10f00",
                "sha256:6e7545f1a61025a4e58bb336952c5061697da694db1cae97b116e9c46abcf7c8",
                "sha256:78fa6da68ed2727915c4767bb386ab32cdba863caa7dbe473eaae45f9959da86",
                "sha256:7ab8a544af125fb704feadb008c99a88805126fb525280b2270bb25cc1d78a12",
                "sha256:99fcc3c8d804d1bc6d9a099921e39d827026409a58f2a720dcdb89374ea0c776",
                "sha256:aef77c9fb94a3ac588e87841208bdec464471d9871bd5050a287cc9a475cd0ba",
                "sha256:e89bf84b5437b532b0803ba5c9a5e054d21fec423a89952a74f87fa2c9b7bce2",
                "sha256:fec3e9d8e36808a28efb59b489e4528c10ad0f480e57dcc32b4de5c9d8c9fdf3"
            ],
            "version": "==0.4.8"
        },
        "pyasn1-modules": {
            "hashes": [
                "sha256:0845a5582f6a02bb3e1bde9ecfc4bfcae6ec3210dd270522fee602365430c3f8",
                "sha256:0fe1b68d1e486a1ed5473f1302bd991c1611d319bba158e98b106ff86e1d7199",
                "sha256:15b7c67fabc7fc240d87fb9aabf999cf82311a6d6fb2c70d00d3d0604878c811",
                "sha256:426edb7a5e8879f1ec54a1864f16b882c2837bfd06eee62f2c982315ee2473ed",
                "sha256:65cebbaffc913f4fe9e4808735c95ea22d7a7775646ab690518c056784bc21b4",
                "sha256:905f84c712230b2c592c19470d3ca8d552de726050d1d1716282a1f6146be65e",
                "sha256:a50b808ffeb97cb3601dd25981f6b016cbb3d31fbf57a8b8a87428e6158d0c74",
                "sha256:a99324196732f53093a84c4369c996713eb8c89d360a496b599fb1a9c47fc3eb",
                "sha256:b80486a6c77252ea3a3e9b1e360bc9cf28eaac41263d173c032581ad2f20fe45",
                "sha256:c29a5e5cc7a3f05926aff34e097e84f8589cd790ce0ed41b67aed6857b26aafd",
                "sha256:cbac4bc38d117f2a49aeedec4407d23e8866ea4ac27ff2cf7fb3e5b570df19e0",
                "sha256:f39edd8c4ecaa4556e989147ebf219227e2cd2e8a43c7e7fcb1f1c18c5fd6a3d",
                "sha256:fe0644d9ab041506b62782e92b06b8c68cca799e1a9636ec398675459e031405"
            ],
            "version": "==0.2.8"
        },
        "requests": {
            "hashes": [
                "sha256:502a824f31acdacb3a35b6690b5fbf0bc41d63a24a45c4004352b0242707598e",
                "sha256:7bf2a778576d825600030a110f3c0e3e8edc51dfaafe1c146e39a2027784957b"
            ],
            "index": "pypi",
            "version": "==2.21.0"
        },
        "rsa": {
            "hashes": [
                "sha256:90260d9058e514786967344d0ef75fa8727eed8a7d2e43ce9f4bcf1b536174f7",
                "sha256:e38464a49c6c85d7f1351b0126661487a7e0a14a50f1675ec50eb34d4f20ef21"
            ],
            "markers": "python_version >= '3.6'",
            "version": "==4.9"
        },
        "sentry-sdk": {
            "hashes": [
                "sha256:5818289868755cfea74e61e532b4b0d11d523901041338d473277db91d4d8173",
                "sha256:b50948bbb553eef11ba650db858e31f5bb7c8d821a9d7338a01d01487d964e8c"
            ],
            "index": "pypi",
            "version": "==0.7.14"
        },
        "setuptools": {
            "hashes": [
                "sha256:d0b9a8433464d5800cbe05094acf5c6d52a91bfac9b52bcfc4d41382be5d5d31",
                "sha256:e197a19aa8ec9722928f2206f8de752def0e4c9fc6953527360d1c36d94ddb2f"
            ],
            "markers": "python_version >= '3.7'",
            "version": "==65.5.1"
        },
        "six": {
            "hashes": [
                "sha256:1e61c37477a1626458e36f7b1d82aa5c9b094fa4802892072e49de9c60c4c926",
                "sha256:8abb2f1d86890a2dfb989f9a77cfcfd3e47c2a354b01111771326f8aa26e0254"
            ],
            "markers": "python_version >= '2.7' and python_version not in '3.0, 3.1, 3.2, 3.3'",
            "version": "==1.16.0"
        },
        "twisted": {
            "hashes": [
                "sha256:32acbd40a94f5f46e7b42c109bfae2b302250945561783a8b7a059048f2d4d31",
                "sha256:86c55f712cc5ab6f6d64e02503352464f0400f66d4f079096d744080afcccbd0"
            ],
            "index": "pypi",
            "version": "==22.10.0"
        },
        "typing-extensions": {
            "hashes": [
                "sha256:1511434bb92bf8dd198c12b1cc812e800d4181cfcb867674e0f8279cc93087aa",
                "sha256:16fa4864408f655d35ec496218b85f79b3437c829e93320c7c9215ccfd92489e"
            ],
            "markers": "python_version >= '3.7'",
            "version": "==4.4.0"
        },
        "urllib3": {
            "hashes": [
                "sha256:2393a695cd12afedd0dcb26fe5d50d0cf248e5a66f75dbd89a3d4eb333a61af4",
                "sha256:a637e5fae88995b256e3409dc4d52c2e2e0ba32c42a6365fee8bbd2238de3cfb"
            ],
            "markers": "python_version >= '2.7' and python_version not in '3.0, 3.1, 3.2, 3.3' and python_version < '4'",
            "version": "==1.24.3"
        },
        "werkzeug": {
            "hashes": [
                "sha256:7ea2d48322cc7c0f8b3a215ed73eabd7b5d75d0b50e31ab006286ccff9e00b8f",
                "sha256:f979ab81f58d7318e064e99c4506445d60135ac5cd2e177a2de0089bfd4c9bd5"
            ],
            "markers": "python_version >= '3.7'",
            "version": "==2.2.2"
        },
        "zope.interface": {
            "hashes": [
                "sha256:026e7da51147910435950a46c55159d68af319f6e909f14873d35d411f4961db",
                "sha256:061a41a3f96f076686d7f1cb87f3deec6f0c9f0325dcc054ac7b504ae9bb0d82",
                "sha256:0eda7f61da6606a28b5efa5d8ad79b4b5bb242488e53a58993b2ec46c924ffee",
                "sha256:13a7c6e3df8aa453583412de5725bf761217d06f66ff4ed776d44fbcd13ec4e4",
                "sha256:185f0faf6c3d8f2203e8755f7ca16b8964d97da0abde89c367177a04e36f2568",
                "sha256:2204a9d545fdbe0d9b0bf4d5e2fc67e7977de59666f7131c1433fde292fc3b41",
                "sha256:27c53aa2f46d42940ccdcb015fd525a42bf73f94acd886296794a41f229d5946",
                "sha256:3c293c5c0e1cabe59c33e0d02fcee5c3eb365f79a20b8199a26ca784e406bd0d",
                "sha256:3e42b1c3f4fd863323a8275c52c78681281a8f2e1790f0e869d911c1c7b25c46",
                "sha256:3e5540b7d703774fd171b7a7dc2a3cb70e98fc273b8b260b1bf2f7d3928f125b",
                "sha256:4477930451521ac7da97cc31d49f7b83086d5ae76e52baf16aac659053119f6d",
                "sha256:475b6e371cdbeb024f2302e826222bdc202186531f6dc095e8986c034e4b7961",
                "sha256:489c4c46fcbd9364f60ff0dcb93ec9026eca64b2f43dc3b05d0724092f205e27",
                "sha256:509a8d39b64a5e8d473f3f3db981f3ca603d27d2bc023c482605c1b52ec15662",
                "sha256:58331d2766e8e409360154d3178449d116220348d46386430097e63d02a1b6d2",
                "sha256:59a96d499ff6faa9b85b1309f50bf3744eb786e24833f7b500cbb7052dc4ae29",
                "sha256:6cb8f9a1db47017929634264b3fc7ea4c1a42a3e28d67a14f14aa7b71deaa0d2",
                "sha256:6d678475fdeb11394dc9aaa5c564213a1567cc663082e0ee85d52f78d1fbaab2",
                "sha256:72a93445937cc71f0b8372b0c9e7c185328e0db5e94d06383a1cb56705df1df4",
                "sha256:76cf472c79d15dce5f438a4905a1309be57d2d01bc1de2de30bda61972a79ab4",
                "sha256:7b4547a2f624a537e90fb99cec4d8b3b6be4af3f449c3477155aae65396724ad",
                "sha256:7f2e4ebe0a000c5727ee04227cf0ff5ae612fe599f88d494216e695b1dac744d",
                "sha256:8343536ea4ee15d6525e3e726bb49ffc3f2034f828a49237a36be96842c06e7c",
                "sha256:8de7bde839d72d96e0c92e8d1fdb4862e89b8fc52514d14b101ca317d9bcf87c",
                "sha256:90f611d4cdf82fb28837fe15c3940255755572a4edf4c72e2306dbce7dcb3092",
                "sha256:9ad58724fabb429d1ebb6f334361f0a3b35f96be0e74bfca6f7de8530688b2df",
                "sha256:a1393229c9c126dd1b4356338421e8882347347ab6fe3230cb7044edc813e424",
                "sha256:a20fc9cccbda2a28e8db8cabf2f47fead7e9e49d317547af6bf86a7269e4b9a1",
                "sha256:a69f6d8b639f2317ba54278b64fef51d8250ad2c87acac1408b9cc461e4d6bb6",
                "sha256:a6f51ffbdcf865f140f55c484001415505f5e68eb0a9eab1d37d0743b503b423",
                "sha256:c9552ee9e123b7997c7630fb95c466ee816d19e721c67e4da35351c5f4032726",
                "sha256:cd423d49abcf0ebf02c29c3daffe246ff756addb891f8aab717b3a4e2e1fd675",
                "sha256:d0587d238b7867544134f4dcca19328371b8fd03fc2c56d15786f410792d0a68",
                "sha256:d1f2d91c9c6cd54d750fa34f18bd73c71b372d0e6d06843bc7a5f21f5fd66fe0",
                "sha256:d2f2ec42fbc21e1af5f129ec295e29fee6f93563e6388656975caebc5f851561",
                "sha256:d743b03a72fefed807a4512c079fb1aa5e7777036cc7a4b6ff79ae4650a14f73",
                "sha256:dd4b9251e95020c3d5d104b528dbf53629d09c146ce9c8dfaaf8f619ae1cce35",
                "sha256:e4988d94962f517f6da2d52337170b84856905b31b7dc504ed9c7b7e4bab2fc3",
                "sha256:e6a923d2dec50f2b4d41ce198af3516517f2e458220942cf393839d2f9e22000",
                "sha256:e8c8764226daad39004b7873c3880eb4860c594ff549ea47c045cdf313e1bad5"
            ],
            "markers": "python_version >= '2.7' and python_version not in '3.0, 3.1, 3.2, 3.3, 3.4'",
            "version": "==5.5.1"
        }
    },
    "develop": {}
}
